
Microsoft Visual Studio Solution File, Format Version 12.00
# Visual Studio Version 17
VisualStudioVersion = 17.11.35219.272
MinimumVisualStudioVersion = 10.0.40219.1
Project("{FAE04EC0-301F-11D3-BF4B-00C04F79EFBC}") = "Food_Ordering_Application", "Food_Ordering_Application\Food_Ordering_Application.csproj", "{BC8D9D47-D106-4366-A789-FB12500C7BE3}"
EndProject
Global
	GlobalSection(SolutionConfigurationPlatforms) = preSolution
		Debug|Any CPU = Debug|Any CPU
		Release|Any CPU = Release|Any CPU
	EndGlobalSection
	GlobalSection(ProjectConfigurationPlatforms) = postSolution
		{BC8D9D47-D106-4366-A789-FB12500C7BE3}.Debug|Any CPU.ActiveCfg = Debug|Any CPU
		{BC8D9D47-D106-4366-A789-FB12500C7BE3}.Debug|Any CPU.Build.0 = Debug|Any CPU
		{BC8D9D47-D106-4366-A789-FB12500C7BE3}.Release|Any CPU.ActiveCfg = Release|Any CPU
		{BC8D9D47-D106-4366-A789-FB12500C7BE3}.Release|Any CPU.Build.0 = Release|Any CPU
	EndGlobalSection
	GlobalSection(SolutionProperties) = preSolution
		HideSolutionNode = FALSE
	EndGlobalSection
	GlobalSection(ExtensibilityGlobals) = postSolution
		SolutionGuid = {06436F6F-B85C-41BA-A8C8-38379456E7CA}
	EndGlobalSection
EndGlobal
